{
  "nodes": {
    "nixpkgs": {
      "locked": {
        "lastModified": 1733935885,
        "narHash": "sha256-xyiHLs6KJ1fxeGmcCxKjJE4yJknVJxbC8Y/ZRYyC8WE=",
        "owner": "NixOS",
        "repo": "nixpkgs",
        "rev": "5a48e3c2e435e95103d56590188cfed7b70e108c",
        "type": "github"
      },
      "original": {
        "id": "nixpkgs",
        "type": "indirect"
      }
    },
    "root": {
      "inputs": {
        "nixpkgs": "nixpkgs",
        "rust-overlay": "rust-overlay"
      }
    },
    "rust-overlay": {
      "inputs": {
        "nixpkgs": [
          "nixpkgs"
        ]
      },
      "locked": {
        "lastModified": 1731983527,
        "narHash": "sha256-JECaBgC0pQ91Hq3W4unH6K9to8s2Zl2sPNu7bLOv4ek=",
        "owner": "oxalica",
        "repo": "rust-overlay",
        "rev": "71287228d96e9568e1e70c6bbfa3f992d145947b",
        "type": "github"
      },
      "original": {
        "owner": "oxalica",
        "repo": "rust-overlay",
        "type": "github"
      }
    }
  },
  "root": "root",
  "version": 7
}
